
Microsoft Visual Studio Solution File, Format Version 12.00
Project("{FAE04EC0-301F-11D3-BF4B-00C04F79EFBC}") = "RideCompanion", "RideCompanion\RideCompanion.csproj", "{E1F20994-C9A6-48EE-B101-D5B48AAA6CD2}"
EndProject
Project("{2150E333-8FDC-42A3-9474-1A3956D46DE8}") = "Modules", "Modules", "{277E5CA2-8854-4C49-9826-1E51C7803E87}"
EndProject
Project("{2150E333-8FDC-42A3-9474-1A3956D46DE8}") = "Driver", "Driver", "{B5C9CA19-1E48-4520-ABAE-AE1BA93D1795}"
EndProject
Project("{2150E333-8FDC-42A3-9474-1A3956D46DE8}") = "Ride", "Ride", "{30CF209A-E705-43BE-A42F-682863C163E6}"
EndProject
Project("{2150E333-8FDC-42A3-9474-1A3956D46DE8}") = "Companion", "Companion", "{5D0A77BC-100E-41D1-BF70-77E2908268C4}"
EndProject
Project("{2150E333-8FDC-42A3-9474-1A3956D46DE8}") = "Identity", "Identity", "{1ACF977D-E5CF-48B8-96C8-FB52B1165528}"
EndProject
Project("{FAE04EC0-301F-11D3-BF4B-00C04F79EFBC}") = "Companion.Domain", "Modules\Companion.Domain\Companion.Domain.csproj", "{20066519-D589-4E18-BE04-185F3C04FF62}"
EndProject
Project("{FAE04EC0-301F-11D3-BF4B-00C04F79EFBC}") = "Companion.Infrastructure", "Modules\Companion.Infrastructure\Companion.Infrastructure.csproj", "{BCBEA2C8-6D84-4B0A-932D-8BB0D623FDDC}"
EndProject
Project("{FAE04EC0-301F-11D3-BF4B-00C04F79EFBC}") = "Companion.App", "Modules\Companion.App\Companion.App.csproj", "{6ED5EE75-9667-4060-B700-FBC7783C5847}"
EndProject
Project("{FAE04EC0-301F-11D3-BF4B-00C04F79EFBC}") = "Driver.Domain", "Modules\Driver.Domain\Driver.Domain.csproj", "{BAFCD14B-8965-4D13-9A54-C288E39A108A}"
EndProject
Project("{FAE04EC0-301F-11D3-BF4B-00C04F79EFBC}") = "Driver.Infrastructure", "Modules\Driver.Infrastructure\Driver.Infrastructure.csproj", "{E0A1EE88-B672-4F8E-A6CE-38723961D0AD}"
EndProject
Project("{FAE04EC0-301F-11D3-BF4B-00C04F79EFBC}") = "Driver.App", "Modules\Driver.App\Driver.App.csproj", "{93F549F7-7109-4807-979D-9E89DAFC7D28}"
EndProject
Project("{FAE04EC0-301F-11D3-BF4B-00C04F79EFBC}") = "Ride.App", "Modules\Ride.App\Ride.App.csproj", "{F953CA3A-B99C-499A-B591-EFF13B9BD074}"
EndProject
Project("{FAE04EC0-301F-11D3-BF4B-00C04F79EFBC}") = "Ride.Domain", "Modules\Ride.Domain\Ride.Domain.csproj", "{EE2A53D3-B5DB-4606-AC5D-93B5CDE35DD3}"
EndProject
Project("{FAE04EC0-301F-11D3-BF4B-00C04F79EFBC}") = "Ride.Infrastructure", "Modules\Ride.Infrastructure\Ride.Infrastructure.csproj", "{3AD3D509-3EED-4EDE-AFEC-294815ECC298}"
EndProject
Project("{FAE04EC0-301F-11D3-BF4B-00C04F79EFBC}") = "Identity.App", "Modules\Identity.App\Identity.App.csproj", "{6BB4D4BD-8CB9-46CC-B2CB-6C7FE0E9831A}"
EndProject
Project("{FAE04EC0-301F-11D3-BF4B-00C04F79EFBC}") = "Identity.Domain", "Modules\Identity.Domain\Identity.Domain.csproj", "{6AC52802-7EA7-43CC-9A19-930F27D6CCD2}"
EndProject
Project("{FAE04EC0-301F-11D3-BF4B-00C04F79EFBC}") = "Identity.Infrastructure", "Modules\Identity.Infrastructure\Identity.Infrastructure.csproj", "{B7949221-4644-44F6-91D6-2BC31B5A4515}"
EndProject
Project("{2150E333-8FDC-42A3-9474-1A3956D46DE8}") = "Shared", "Shared", "{E9300F4D-80DA-482E-886B-FCD9DB2C985B}"
EndProject
Project("{FAE04EC0-301F-11D3-BF4B-00C04F79EFBC}") = "Shared.Core", "Shared\Shared.Core\Shared.Core.csproj", "{E0181357-D0FB-4872-A898-CE23F5290030}"
EndProject
Project("{FAE04EC0-301F-11D3-BF4B-00C04F79EFBC}") = "Shared.Migrations", "Shared\Shared.Migrations\Shared.Migrations.csproj", "{6927A274-115A-4B99-8683-04AC6627E44B}"
EndProject
Global
	GlobalSection(SolutionConfigurationPlatforms) = preSolution
		Debug|Any CPU = Debug|Any CPU
		Release|Any CPU = Release|Any CPU
	EndGlobalSection
	GlobalSection(ProjectConfigurationPlatforms) = postSolution
		{E1F20994-C9A6-48EE-B101-D5B48AAA6CD2}.Debug|Any CPU.ActiveCfg = Debug|Any CPU
		{E1F20994-C9A6-48EE-B101-D5B48AAA6CD2}.Debug|Any CPU.Build.0 = Debug|Any CPU
		{E1F20994-C9A6-48EE-B101-D5B48AAA6CD2}.Release|Any CPU.ActiveCfg = Release|Any CPU
		{E1F20994-C9A6-48EE-B101-D5B48AAA6CD2}.Release|Any CPU.Build.0 = Release|Any CPU
		{20066519-D589-4E18-BE04-185F3C04FF62}.Debug|Any CPU.ActiveCfg = Debug|Any CPU
		{20066519-D589-4E18-BE04-185F3C04FF62}.Debug|Any CPU.Build.0 = Debug|Any CPU
		{20066519-D589-4E18-BE04-185F3C04FF62}.Release|Any CPU.ActiveCfg = Release|Any CPU
		{20066519-D589-4E18-BE04-185F3C04FF62}.Release|Any CPU.Build.0 = Release|Any CPU
		{BCBEA2C8-6D84-4B0A-932D-8BB0D623FDDC}.Debug|Any CPU.ActiveCfg = Debug|Any CPU
		{BCBEA2C8-6D84-4B0A-932D-8BB0D623FDDC}.Debug|Any CPU.Build.0 = Debug|Any CPU
		{BCBEA2C8-6D84-4B0A-932D-8BB0D623FDDC}.Release|Any CPU.ActiveCfg = Release|Any CPU
		{BCBEA2C8-6D84-4B0A-932D-8BB0D623FDDC}.Release|Any CPU.Build.0 = Release|Any CPU
		{6ED5EE75-9667-4060-B700-FBC7783C5847}.Debug|Any CPU.ActiveCfg = Debug|Any CPU
		{6ED5EE75-9667-4060-B700-FBC7783C5847}.Debug|Any CPU.Build.0 = Debug|Any CPU
		{6ED5EE75-9667-4060-B700-FBC7783C5847}.Release|Any CPU.ActiveCfg = Release|Any CPU
		{6ED5EE75-9667-4060-B700-FBC7783C5847}.Release|Any CPU.Build.0 = Release|Any CPU
		{BAFCD14B-8965-4D13-9A54-C288E39A108A}.Debug|Any CPU.ActiveCfg = Debug|Any CPU
		{BAFCD14B-8965-4D13-9A54-C288E39A108A}.Debug|Any CPU.Build.0 = Debug|Any CPU
		{BAFCD14B-8965-4D13-9A54-C288E39A108A}.Release|Any CPU.ActiveCfg = Release|Any CPU
		{BAFCD14B-8965-4D13-9A54-C288E39A108A}.Release|Any CPU.Build.0 = Release|Any CPU
		{E0A1EE88-B672-4F8E-A6CE-38723961D0AD}.Debug|Any CPU.ActiveCfg = Debug|Any CPU
		{E0A1EE88-B672-4F8E-A6CE-38723961D0AD}.Debug|Any CPU.Build.0 = Debug|Any CPU
		{E0A1EE88-B672-4F8E-A6CE-38723961D0AD}.Release|Any CPU.ActiveCfg = Release|Any CPU
		{E0A1EE88-B672-4F8E-A6CE-38723961D0AD}.Release|Any CPU.Build.0 = Release|Any CPU
		{93F549F7-7109-4807-979D-9E89DAFC7D28}.Debug|Any CPU.ActiveCfg = Debug|Any CPU
		{93F549F7-7109-4807-979D-9E89DAFC7D28}.Debug|Any CPU.Build.0 = Debug|Any CPU
		{93F549F7-7109-4807-979D-9E89DAFC7D28}.Release|Any CPU.ActiveCfg = Release|Any CPU
		{93F549F7-7109-4807-979D-9E89DAFC7D28}.Release|Any CPU.Build.0 = Release|Any CPU
		{F953CA3A-B99C-499A-B591-EFF13B9BD074}.Debug|Any CPU.ActiveCfg = Debug|Any CPU
		{F953CA3A-B99C-499A-B591-EFF13B9BD074}.Debug|Any CPU.Build.0 = Debug|Any CPU
		{F953CA3A-B99C-499A-B591-EFF13B9BD074}.Release|Any CPU.ActiveCfg = Release|Any CPU
		{F953CA3A-B99C-499A-B591-EFF13B9BD074}.Release|Any CPU.Build.0 = Release|Any CPU
		{EE2A53D3-B5DB-4606-AC5D-93B5CDE35DD3}.Debug|Any CPU.ActiveCfg = Debug|Any CPU
		{EE2A53D3-B5DB-4606-AC5D-93B5CDE35DD3}.Debug|Any CPU.Build.0 = Debug|Any CPU
		{EE2A53D3-B5DB-4606-AC5D-93B5CDE35DD3}.Release|Any CPU.ActiveCfg = Release|Any CPU
		{EE2A53D3-B5DB-4606-AC5D-93B5CDE35DD3}.Release|Any CPU.Build.0 = Release|Any CPU
		{3AD3D509-3EED-4EDE-AFEC-294815ECC298}.Debug|Any CPU.ActiveCfg = Debug|Any CPU
		{3AD3D509-3EED-4EDE-AFEC-294815ECC298}.Debug|Any CPU.Build.0 = Debug|Any CPU
		{3AD3D509-3EED-4EDE-AFEC-294815ECC298}.Release|Any CPU.ActiveCfg = Release|Any CPU
		{3AD3D509-3EED-4EDE-AFEC-294815ECC298}.Release|Any CPU.Build.0 = Release|Any CPU
		{6BB4D4BD-8CB9-46CC-B2CB-6C7FE0E9831A}.Debug|Any CPU.ActiveCfg = Debug|Any CPU
		{6BB4D4BD-8CB9-46CC-B2CB-6C7FE0E9831A}.Debug|Any CPU.Build.0 = Debug|Any CPU
		{6BB4D4BD-8CB9-46CC-B2CB-6C7FE0E9831A}.Release|Any CPU.ActiveCfg = Release|Any CPU
		{6BB4D4BD-8CB9-46CC-B2CB-6C7FE0E9831A}.Release|Any CPU.Build.0 = Release|Any CPU
		{6AC52802-7EA7-43CC-9A19-930F27D6CCD2}.Debug|Any CPU.ActiveCfg = Debug|Any CPU
		{6AC52802-7EA7-43CC-9A19-930F27D6CCD2}.Debug|Any CPU.Build.0 = Debug|Any CPU
		{6AC52802-7EA7-43CC-9A19-930F27D6CCD2}.Release|Any CPU.ActiveCfg = Release|Any CPU
		{6AC52802-7EA7-43CC-9A19-930F27D6CCD2}.Release|Any CPU.Build.0 = Release|Any CPU
		{B7949221-4644-44F6-91D6-2BC31B5A4515}.Debug|Any CPU.ActiveCfg = Debug|Any CPU
		{B7949221-4644-44F6-91D6-2BC31B5A4515}.Debug|Any CPU.Build.0 = Debug|Any CPU
		{B7949221-4644-44F6-91D6-2BC31B5A4515}.Release|Any CPU.ActiveCfg = Release|Any CPU
		{B7949221-4644-44F6-91D6-2BC31B5A4515}.Release|Any CPU.Build.0 = Release|Any CPU
		{E0181357-D0FB-4872-A898-CE23F5290030}.Debug|Any CPU.ActiveCfg = Debug|Any CPU
		{E0181357-D0FB-4872-A898-CE23F5290030}.Debug|Any CPU.Build.0 = Debug|Any CPU
		{E0181357-D0FB-4872-A898-CE23F5290030}.Release|Any CPU.ActiveCfg = Release|Any CPU
		{E0181357-D0FB-4872-A898-CE23F5290030}.Release|Any CPU.Build.0 = Release|Any CPU
		{6927A274-115A-4B99-8683-04AC6627E44B}.Debug|Any CPU.ActiveCfg = Debug|Any CPU
		{6927A274-115A-4B99-8683-04AC6627E44B}.Debug|Any CPU.Build.0 = Debug|Any CPU
		{6927A274-115A-4B99-8683-04AC6627E44B}.Release|Any CPU.ActiveCfg = Release|Any CPU
		{6927A274-115A-4B99-8683-04AC6627E44B}.Release|Any CPU.Build.0 = Release|Any CPU
	EndGlobalSection
	GlobalSection(NestedProjects) = preSolution
		{B5C9CA19-1E48-4520-ABAE-AE1BA93D1795} = {277E5CA2-8854-4C49-9826-1E51C7803E87}
		{30CF209A-E705-43BE-A42F-682863C163E6} = {277E5CA2-8854-4C49-9826-1E51C7803E87}
		{5D0A77BC-100E-41D1-BF70-77E2908268C4} = {277E5CA2-8854-4C49-9826-1E51C7803E87}
		{1ACF977D-E5CF-48B8-96C8-FB52B1165528} = {277E5CA2-8854-4C49-9826-1E51C7803E87}
		{20066519-D589-4E18-BE04-185F3C04FF62} = {5D0A77BC-100E-41D1-BF70-77E2908268C4}
		{BCBEA2C8-6D84-4B0A-932D-8BB0D623FDDC} = {5D0A77BC-100E-41D1-BF70-77E2908268C4}
		{6ED5EE75-9667-4060-B700-FBC7783C5847} = {5D0A77BC-100E-41D1-BF70-77E2908268C4}
		{BAFCD14B-8965-4D13-9A54-C288E39A108A} = {B5C9CA19-1E48-4520-ABAE-AE1BA93D1795}
		{E0A1EE88-B672-4F8E-A6CE-38723961D0AD} = {B5C9CA19-1E48-4520-ABAE-AE1BA93D1795}
		{93F549F7-7109-4807-979D-9E89DAFC7D28} = {B5C9CA19-1E48-4520-ABAE-AE1BA93D1795}
		{F953CA3A-B99C-499A-B591-EFF13B9BD074} = {30CF209A-E705-43BE-A42F-682863C163E6}
		{EE2A53D3-B5DB-4606-AC5D-93B5CDE35DD3} = {30CF209A-E705-43BE-A42F-682863C163E6}
		{3AD3D509-3EED-4EDE-AFEC-294815ECC298} = {30CF209A-E705-43BE-A42F-682863C163E6}
		{6BB4D4BD-8CB9-46CC-B2CB-6C7FE0E9831A} = {1ACF977D-E5CF-48B8-96C8-FB52B1165528}
		{6AC52802-7EA7-43CC-9A19-930F27D6CCD2} = {1ACF977D-E5CF-48B8-96C8-FB52B1165528}
		{B7949221-4644-44F6-91D6-2BC31B5A4515} = {1ACF977D-E5CF-48B8-96C8-FB52B1165528}
		{E0181357-D0FB-4872-A898-CE23F5290030} = {E9300F4D-80DA-482E-886B-FCD9DB2C985B}
		{6927A274-115A-4B99-8683-04AC6627E44B} = {E9300F4D-80DA-482E-886B-FCD9DB2C985B}
	EndGlobalSection
EndGlobal
